// !$*UTF8*$!
{
	archiveVersion = 1;
	classes = {
	};
	objectVersion = 46;
	objects = {
/* Begin PBXBuildFile section */
		0207DA581B56EA530066E2B4 /* Images.xcassets in Resources */ = {isa = PBXBuildFile; fileRef = 0207DA571B56EA530066E2B4 /* Images.xcassets */; };
		1D3623260D0F684500981E51 /* AppDelegate.m in Sources */ = {isa = PBXBuildFile; fileRef = 1D3623250D0F684500981E51 /* AppDelegate.m */; };
		1D60589B0D05DD56006BFB54 /* main.m in Sources */ = {isa = PBXBuildFile; fileRef = 29B97316FDCFA39411CA2CEA /* main.m */; };
		301BF552109A68D80062928A /* libCordova.a in Frameworks */ = {isa = PBXBuildFile; fileRef = 301BF535109A57CC0062928A /* libCordova.a */; };
		302D95F114D2391D003F00A1 /* MainViewController.m in Sources */ = {isa = PBXBuildFile; fileRef = 302D95EF14D2391D003F00A1 /* MainViewController.m */; };
		302D95F214D2391D003F00A1 /* MainViewController.xib in Resources */ = {isa = PBXBuildFile; fileRef = 302D95F014D2391D003F00A1 /* MainViewController.xib */; };
		3047A5121AB8059700498E2A /* build-debug.xcconfig in Resources */ = {isa = PBXBuildFile; fileRef = 3047A50F1AB8059700498E2A /* build-debug.xcconfig */; };
		3047A5131AB8059700498E2A /* build-release.xcconfig in Resources */ = {isa = PBXBuildFile; fileRef = 3047A5101AB8059700498E2A /* build-release.xcconfig */; };
		3047A5141AB8059700498E2A /* build.xcconfig in Resources */ = {isa = PBXBuildFile; fileRef = 3047A5111AB8059700498E2A /* build.xcconfig */; };
		25314948497148158E139289 /* CDVBattery.m in Sources */ = {isa = PBXBuildFile; fileRef = AA6170A194E64A2E8059DCFC /* CDVBattery.m */; };
		7BBC619C95554315908F2EF3 /* UIImage+CropScaleOrientation.m in Sources */ = {isa = PBXBuildFile; fileRef = A0F00791D031421D87629CDA /* UIImage+CropScaleOrientation.m */; };
		363CAB81AF9F4815A920DF43 /* CDVCamera.m in Sources */ = {isa = PBXBuildFile; fileRef = 17DC97CB4E0D46B99205E536 /* CDVCamera.m */; };
		2F8F0E29D9D24EEEB529C87B /* CDVJpegHeaderWriter.m in Sources */ = {isa = PBXBuildFile; fileRef = 886968C4F5D041C39D19ACB6 /* CDVJpegHeaderWriter.m */; };
		A865D13836934A49B9E4B877 /* ImageIO.framework in Frameworks */ = {isa = PBXBuildFile; fileRef = FCDBA0BF3CD34D4A88258767 /* ImageIO.framework */; settings = {ATTRIBUTES = (Weak, ); }; };
		C03220FECB9B429DA15D0622 /* CoreLocation.framework in Frameworks */ = {isa = PBXBuildFile; fileRef = 51C840669E9E40D1BF2442A9 /* CoreLocation.framework */; };
		440DDC935ABD4CFF8D8CE839 /* AVFoundation.framework in Frameworks */ = {isa = PBXBuildFile; fileRef = FBC84B0262C640AEB7CBD095 /* AVFoundation.framework */; };
		F4360E1B12D845BA8A2E3604 /* CDVFile.m in Sources */ = {isa = PBXBuildFile; fileRef = 0AACAC7EC9D14357A1B0BBB8 /* CDVFile.m */; };
		C93583C1752E4B74B8A0B74E /* CDVLocalFilesystem.m in Sources */ = {isa = PBXBuildFile; fileRef = FFA019CE005943E7864A518C /* CDVLocalFilesystem.m */; };
		80A645479EFB41AEBA761524 /* CDVAssetLibraryFilesystem.m in Sources */ = {isa = PBXBuildFile; fileRef = 8CFC9B737D5347DA8777AD8F /* CDVAssetLibraryFilesystem.m */; };
		D950120F8A65438BA8CB7413 /* CDVCapture.m in Sources */ = {isa = PBXBuildFile; fileRef = A5F21957935347E6A5DE981C /* CDVCapture.m */; };
		8C706E93E4314562BF75CDDC /* CDVCapture.bundle in Resources */ = {isa = PBXBuildFile; fileRef = BC6EF99E27F74116A74FA99D /* CDVCapture.bundle */; };
		03B1686B357C45DCB864669D /* CDVLogger.m in Sources */ = {isa = PBXBuildFile; fileRef = 588EF9E52BCD4062A2E2DBF0 /* CDVLogger.m */; };
		79BD2BDF32D647A1AAA206ED /* CDVContacts.m in Sources */ = {isa = PBXBuildFile; fileRef = E2C9F0835B17424B901E8463 /* CDVContacts.m */; };
		4CCF30B97E474E6A9E24F320 /* CDVContact.m in Sources */ = {isa = PBXBuildFile; fileRef = 68B69FE150914DA9AB7A0F5E /* CDVContact.m */; };
		B94AEDFE670B4AF4B7753324 /* AddressBook.framework in Frameworks */ = {isa = PBXBuildFile; fileRef = CB5E577004FC487EA9238B89 /* AddressBook.framework */; settings = {ATTRIBUTES = (Weak, ); }; };
		FABA797BEDD646A6B8837D0C /* AddressBookUI.framework in Frameworks */ = {isa = PBXBuildFile; fileRef = 4AC07636F5BE4702BA2C7EDB /* AddressBookUI.framework */; settings = {ATTRIBUTES = (Weak, ); }; };
		6D97A03B47024ACA90338E98 /* CDVDevice.m in Sources */ = {isa = PBXBuildFile; fileRef = 2931ABD731D84006BED1A016 /* CDVDevice.m */; };
		3A254FC7B57044CA9BE12A9B /* CDVAccelerometer.m in Sources */ = {isa = PBXBuildFile; fileRef = EB5A48AAFF2B437281136A84 /* CDVAccelerometer.m */; };
		25F041E82AE448F99B5A4D94 /* CoreMotion.framework in Frameworks */ = {isa = PBXBuildFile; fileRef = C035F2329E24431692F13DD8 /* CoreMotion.framework */; };
		C7AB30042BAF4D76BF0D5009 /* CDVCompass.m in Sources */ = {isa = PBXBuildFile; fileRef = D95473573CCF4A9292E168B4 /* CDVCompass.m */; };
		E81097B0F5D242FDB028D77D /* CDVNotification.m in Sources */ = {isa = PBXBuildFile; fileRef = 44EF255E5B264331BC7E1145 /* CDVNotification.m */; };
		8287C0E4BB3A4944BF9B4A0F /* CDVNotification.bundle in Resources */ = {isa = PBXBuildFile; fileRef = 5E8446DD14074270875F0668 /* CDVNotification.bundle */; };
		EAAF726F091346E18A6E15A6 /* AudioToolbox.framework in Frameworks */ = {isa = PBXBuildFile; fileRef = 1DD8881240C840FFA253781F /* AudioToolbox.framework */; settings = {ATTRIBUTES = (Weak, ); }; };
		60CC8658CF06435D9D02221F /* CDVFileTransfer.m in Sources */ = {isa = PBXBuildFile; fileRef = 66CDE787BB2F4B038B715654 /* CDVFileTransfer.m */; };
		EE1BDEBC2B4B47F881D9AC58 /* CDVLocation.m in Sources */ = {isa = PBXBuildFile; fileRef = C69FC9B1376B4EC2B8A52035 /* CDVLocation.m */; };
		C22F3A996BEB4E03AD53437D /* CDVGlobalization.m in Sources */ = {isa = PBXBuildFile; fileRef = A89884D739F74A8884890EDF /* CDVGlobalization.m */; };
		23A238298A6D46AC8E5CC591 /* CDVInAppBrowser.m in Sources */ = {isa = PBXBuildFile; fileRef = 7943018D48C7413AAFD641ED /* CDVInAppBrowser.m */; };
		156F40B9662C444FB89FC3DA /* CDVSound.m in Sources */ = {isa = PBXBuildFile; fileRef = E7C8105F328B4D1E90AADD20 /* CDVSound.m */; };
		084376A7065B4A7BAFFBCFD5 /* CDVConnection.m in Sources */ = {isa = PBXBuildFile; fileRef = 9A8C3610DEE3473FB9F0D671 /* CDVConnection.m */; };
		A9BF1D8696E042D79767BD56 /* CDVReachability.m in Sources */ = {isa = PBXBuildFile; fileRef = 2908FB6208F547429627557C /* CDVReachability.m */; };
		377A524570E344CC8380BB0F /* SystemConfiguration.framework in Frameworks */ = {isa = PBXBuildFile; fileRef = EEBF8D6F8CFA4D8F92F7EBD0 /* SystemConfiguration.framework */; settings = {ATTRIBUTES = (Weak, ); }; };
		F7F3B815D57B492AA9EFF0DA /* CoreTelephony.framework in Frameworks */ = {isa = PBXBuildFile; fileRef = FFFCAB5DDD6B4E90B45B6241 /* CoreTelephony.framework */; };
		12C107F0EB194A28B94B2B92 /* CDVSplashScreen.m in Sources */ = {isa = PBXBuildFile; fileRef = E124CBA2CFBD42A2B03C4BBF /* CDVSplashScreen.m */; };
		F3989A83A2034B128B618C5D /* CDVViewController+SplashScreen.m in Sources */ = {isa = PBXBuildFile; fileRef = D2E3D3C8F1464189AB4FD5CA /* CDVViewController+SplashScreen.m */; };
		904BF5DE54CB48BF98B47FA6 /* CDVStatusBar.m in Sources */ = {isa = PBXBuildFile; fileRef = 6A96FA02605B444BA1CABA0C /* CDVStatusBar.m */; };
		74B5BB06820C43FD89A1BF5A /* CDVVibration.m in Sources */ = {isa = PBXBuildFile; fileRef = 6AB9459A04ED48B2801FDB81 /* CDVVibration.m */; };
/* End PBXBuildFile section */

/* Begin PBXContainerItemProxy section */
		301BF534109A57CC0062928A /* PBXContainerItemProxy */ = {
			isa = PBXContainerItemProxy;
			containerPortal = 301BF52D109A57CC0062928A /* CordovaLib.xcodeproj */;
			proxyType = 2;
			remoteGlobalIDString = D2AAC07E0554694100DB518D;
			remoteInfo = CordovaLib;
		};
		301BF550109A68C00062928A /* PBXContainerItemProxy */ = {
			isa = PBXContainerItemProxy;
			containerPortal = 301BF52D109A57CC0062928A /* CordovaLib.xcodeproj */;
			proxyType = 1;
			remoteGlobalIDString = D2AAC07D0554694100DB518D;
			remoteInfo = CordovaLib;
		};
/* End PBXContainerItemProxy section */

/* Begin PBXFileReference section */
		0207DA571B56EA530066E2B4 /* Images.xcassets */ = {isa = PBXFileReference; lastKnownFileType = folder.assetcatalog; name = Images.xcassets; path = "Planner/Images.xcassets"; sourceTree = SOURCE_ROOT; };
		1D3623240D0F684500981E51 /* AppDelegate.h */ = {isa = PBXFileReference; fileEncoding = 4; lastKnownFileType = sourcecode.c.h; path = AppDelegate.h; sourceTree = "<group>"; };
		1D3623250D0F684500981E51 /* AppDelegate.m */ = {isa = PBXFileReference; fileEncoding = 4; lastKnownFileType = sourcecode.c.objc; path = AppDelegate.m; sourceTree = "<group>"; };
		1D6058910D05DD3D006BFB54 /* Planner.app */ = {isa = PBXFileReference; explicitFileType = wrapper.application; includeInIndex = 0; path = "Planner.app"; sourceTree = BUILT_PRODUCTS_DIR; };
		29B97316FDCFA39411CA2CEA /* main.m */ = {isa = PBXFileReference; fileEncoding = 4; lastKnownFileType = sourcecode.c.objc; path = main.m; sourceTree = "<group>"; };
		301BF52D109A57CC0062928A /* CordovaLib.xcodeproj */ = {isa = PBXFileReference; lastKnownFileType = "wrapper.pb-project"; name = CordovaLib.xcodeproj; path = CordovaLib/CordovaLib.xcodeproj; sourceTree = "<group>"; };
		301BF56E109A69640062928A /* www */ = {isa = PBXFileReference; lastKnownFileType = folder; path = www; sourceTree = SOURCE_ROOT; };
		302D95EE14D2391D003F00A1 /* MainViewController.h */ = {isa = PBXFileReference; fileEncoding = 4; lastKnownFileType = sourcecode.c.h; path = MainViewController.h; sourceTree = "<group>"; };
		302D95EF14D2391D003F00A1 /* MainViewController.m */ = {isa = PBXFileReference; fileEncoding = 4; lastKnownFileType = sourcecode.c.objc; path = MainViewController.m; sourceTree = "<group>"; };
		302D95F014D2391D003F00A1 /* MainViewController.xib */ = {isa = PBXFileReference; fileEncoding = 4; lastKnownFileType = file.xib; path = MainViewController.xib; sourceTree = "<group>"; };
		3047A50F1AB8059700498E2A /* build-debug.xcconfig */ = {isa = PBXFileReference; fileEncoding = 4; lastKnownFileType = text.xcconfig; name = "build-debug.xcconfig"; path = cordova/build-debug.xcconfig; sourceTree = SOURCE_ROOT; };
		3047A5101AB8059700498E2A /* build-release.xcconfig */ = {isa = PBXFileReference; fileEncoding = 4; lastKnownFileType = text.xcconfig; name = "build-release.xcconfig"; path = cordova/build-release.xcconfig; sourceTree = SOURCE_ROOT; };
		3047A5111AB8059700498E2A /* build.xcconfig */ = {isa = PBXFileReference; fileEncoding = 4; lastKnownFileType = text.xcconfig; name = build.xcconfig; path = cordova/build.xcconfig; sourceTree = SOURCE_ROOT; };
		32CA4F630368D1EE00C91783 /* Planner-Prefix.pch */ = {isa = PBXFileReference; fileEncoding = 4; lastKnownFileType = sourcecode.c.h; path = "Planner-Prefix.pch"; sourceTree = "<group>"; };
		8D1107310486CEB800E47090 /* Planner-Info.plist */ = {isa = PBXFileReference; fileEncoding = 4; lastKnownFileType = text.plist.xml; name = "Planner-Info.plist"; path = "Planner/Planner-Info.plist"; plistStructureDefinitionIdentifier = "com.apple.xcode.plist.structure-definition.iphone.info-plist"; sourceTree = SOURCE_ROOT; };
		EB87FDF31871DA8E0020F90C /* www */ = {isa = PBXFileReference; lastKnownFileType = folder; name = www; path = ../../www; sourceTree = "<group>"; };
		EB87FDF41871DAF40020F90C /* config.xml */ = {isa = PBXFileReference; lastKnownFileType = text.xml; name = config.xml; path = ../../config.xml; sourceTree = "<group>"; };
		F840E1F0165FE0F500CFE078 /* config.xml */ = {isa = PBXFileReference; lastKnownFileType = text.xml; name = config.xml; path = "Planner/config.xml"; sourceTree = "<group>"; };
		ED33DF2A687741AEAF9F8254 /* Bridging-Header.h */ = {isa = PBXFileReference; fileEncoding = 4; lastKnownFileType = sourcecode.c.h; name = "Bridging-Header.h"; path = "Bridging-Header.h"; sourceTree = "<group>"; };
		AA6170A194E64A2E8059DCFC /* CDVBattery.m */ = {isa = PBXFileReference; name = "CDVBattery.m"; path = "cordova-plugin-battery-status/CDVBattery.m"; sourceTree = "<group>"; fileEncoding = 4; lastKnownFileType = sourcecode.c.objc; explicitFileType = undefined; includeInIndex = 0; };
		AE40CF14429A4CB19F21072D /* CDVBattery.h */ = {isa = PBXFileReference; name = "CDVBattery.h"; path = "cordova-plugin-battery-status/CDVBattery.h"; sourceTree = "<group>"; fileEncoding = 4; lastKnownFileType = sourcecode.c.h; explicitFileType = undefined; includeInIndex = 0; };
		A0F00791D031421D87629CDA /* UIImage+CropScaleOrientation.m */ = {isa = PBXFileReference; name = "UIImage+CropScaleOrientation.m"; path = "cordova-plugin-camera/UIImage+CropScaleOrientation.m"; sourceTree = "<group>"; fileEncoding = 4; lastKnownFileType = sourcecode.c.objc; explicitFileType = undefined; includeInIndex = 0; };
		17DC97CB4E0D46B99205E536 /* CDVCamera.m */ = {isa = PBXFileReference; name = "CDVCamera.m"; path = "cordova-plugin-camera/CDVCamera.m"; sourceTree = "<group>"; fileEncoding = 4; lastKnownFileType = sourcecode.c.objc; explicitFileType = undefined; includeInIndex = 0; };
		886968C4F5D041C39D19ACB6 /* CDVJpegHeaderWriter.m */ = {isa = PBXFileReference; name = "CDVJpegHeaderWriter.m"; path = "cordova-plugin-camera/CDVJpegHeaderWriter.m"; sourceTree = "<group>"; fileEncoding = 4; lastKnownFileType = sourcecode.c.objc; explicitFileType = undefined; includeInIndex = 0; };
		962E17F2B0F04A58A47C4199 /* UIImage+CropScaleOrientation.h */ = {isa = PBXFileReference; name = "UIImage+CropScaleOrientation.h"; path = "cordova-plugin-camera/UIImage+CropScaleOrientation.h"; sourceTree = "<group>"; fileEncoding = 4; lastKnownFileType = sourcecode.c.h; explicitFileType = undefined; includeInIndex = 0; };
		CE93BA11A9184D78AA6C9A11 /* CDVCamera.h */ = {isa = PBXFileReference; name = "CDVCamera.h"; path = "cordova-plugin-camera/CDVCamera.h"; sourceTree = "<group>"; fileEncoding = 4; lastKnownFileType = sourcecode.c.h; explicitFileType = undefined; includeInIndex = 0; };
		8B114E22874E48D3986F1AAD /* CDVJpegHeaderWriter.h */ = {isa = PBXFileReference; name = "CDVJpegHeaderWriter.h"; path = "cordova-plugin-camera/CDVJpegHeaderWriter.h"; sourceTree = "<group>"; fileEncoding = 4; lastKnownFileType = sourcecode.c.h; explicitFileType = undefined; includeInIndex = 0; };
		02DAE3DC7ACD492982981B66 /* CDVExif.h */ = {isa = PBXFileReference; name = "CDVExif.h"; path = "cordova-plugin-camera/CDVExif.h"; sourceTree = "<group>"; fileEncoding = 4; lastKnownFileType = sourcecode.c.h; explicitFileType = undefined; includeInIndex = 0; };
		FCDBA0BF3CD34D4A88258767 /* ImageIO.framework */ = {isa = PBXFileReference; name = "ImageIO.framework"; path = "System/Library/Frameworks/ImageIO.framework"; sourceTree = SDKROOT; fileEncoding = undefined; lastKnownFileType = wrapper.framework; explicitFileType = undefined; includeInIndex = 0; };
		51C840669E9E40D1BF2442A9 /* CoreLocation.framework */ = {isa = PBXFileReference; name = "CoreLocation.framework"; path = "System/Library/Frameworks/CoreLocation.framework"; sourceTree = SDKROOT; fileEncoding = undefined; lastKnownFileType = wrapper.framework; explicitFileType = undefined; includeInIndex = 0; };
		FBC84B0262C640AEB7CBD095 /* AVFoundation.framework */ = {isa = PBXFileReference; name = "AVFoundation.framework"; path = "System/Library/Frameworks/AVFoundation.framework"; sourceTree = SDKROOT; fileEncoding = undefined; lastKnownFileType = wrapper.framework; explicitFileType = undefined; includeInIndex = 0; };
		0AACAC7EC9D14357A1B0BBB8 /* CDVFile.m */ = {isa = PBXFileReference; name = "CDVFile.m"; path = "cordova-plugin-file/CDVFile.m"; sourceTree = "<group>"; fileEncoding = 4; lastKnownFileType = sourcecode.c.objc; explicitFileType = undefined; includeInIndex = 0; };
		FFA019CE005943E7864A518C /* CDVLocalFilesystem.m */ = {isa = PBXFileReference; name = "CDVLocalFilesystem.m"; path = "cordova-plugin-file/CDVLocalFilesystem.m"; sourceTree = "<group>"; fileEncoding = 4; lastKnownFileType = sourcecode.c.objc; explicitFileType = undefined; includeInIndex = 0; };
		8CFC9B737D5347DA8777AD8F /* CDVAssetLibraryFilesystem.m */ = {isa = PBXFileReference; name = "CDVAssetLibraryFilesystem.m"; path = "cordova-plugin-file/CDVAssetLibraryFilesystem.m"; sourceTree = "<group>"; fileEncoding = 4; lastKnownFileType = sourcecode.c.objc; explicitFileType = undefined; includeInIndex = 0; };
		770A21A57741470D83556A67 /* CDVFile.h */ = {isa = PBXFileReference; name = "CDVFile.h"; path = "cordova-plugin-file/CDVFile.h"; sourceTree = "<group>"; fileEncoding = 4; lastKnownFileType = sourcecode.c.h; explicitFileType = undefined; includeInIndex = 0; };
		44B4073F9F12473F95FD6F1D /* CDVLocalFilesystem.h */ = {isa = PBXFileReference; name = "CDVLocalFilesystem.h"; path = "cordova-plugin-file/CDVLocalFilesystem.h"; sourceTree = "<group>"; fileEncoding = 4; lastKnownFileType = sourcecode.c.h; explicitFileType = undefined; includeInIndex = 0; };
		E8271592D8594633889ED8B3 /* CDVAssetLibraryFilesystem.h */ = {isa = PBXFileReference; name = "CDVAssetLibraryFilesystem.h"; path = "cordova-plugin-file/CDVAssetLibraryFilesystem.h"; sourceTree = "<group>"; fileEncoding = 4; lastKnownFileType = sourcecode.c.h; explicitFileType = undefined; includeInIndex = 0; };
		A5F21957935347E6A5DE981C /* CDVCapture.m */ = {isa = PBXFileReference; name = "CDVCapture.m"; path = "cordova-plugin-media-capture/CDVCapture.m"; sourceTree = "<group>"; fileEncoding = 4; lastKnownFileType = sourcecode.c.objc; explicitFileType = undefined; includeInIndex = 0; };
		42F7067DFC2C475993C30F36 /* CDVCapture.h */ = {isa = PBXFileReference; name = "CDVCapture.h"; path = "cordova-plugin-media-capture/CDVCapture.h"; sourceTree = "<group>"; fileEncoding = 4; lastKnownFileType = sourcecode.c.h; explicitFileType = undefined; includeInIndex = 0; };
		BC6EF99E27F74116A74FA99D /* CDVCapture.bundle */ = {isa = PBXFileReference; name = "CDVCapture.bundle"; path = "CDVCapture.bundle"; sourceTree = "<group>"; fileEncoding = undefined; lastKnownFileType = wrapper.plug-in; explicitFileType = undefined; includeInIndex = 0; };
		588EF9E52BCD4062A2E2DBF0 /* CDVLogger.m */ = {isa = PBXFileReference; name = "CDVLogger.m"; path = "cordova-plugin-console/CDVLogger.m"; sourceTree = "<group>"; fileEncoding = 4; lastKnownFileType = sourcecode.c.objc; explicitFileType = undefined; includeInIndex = 0; };
		E3AE6398BFC64559B6EEB94D /* CDVLogger.h */ = {isa = PBXFileReference; name = "CDVLogger.h"; path = "cordova-plugin-console/CDVLogger.h"; sourceTree = "<group>"; fileEncoding = 4; lastKnownFileType = sourcecode.c.h; explicitFileType = undefined; includeInIndex = 0; };
		E2C9F0835B17424B901E8463 /* CDVContacts.m */ = {isa = PBXFileReference; name = "CDVContacts.m"; path = "cordova-plugin-contacts/CDVContacts.m"; sourceTree = "<group>"; fileEncoding = 4; lastKnownFileType = sourcecode.c.objc; explicitFileType = undefined; includeInIndex = 0; };
		68B69FE150914DA9AB7A0F5E /* CDVContact.m */ = {isa = PBXFileReference; name = "CDVContact.m"; path = "cordova-plugin-contacts/CDVContact.m"; sourceTree = "<group>"; fileEncoding = 4; lastKnownFileType = sourcecode.c.objc; explicitFileType = undefined; includeInIndex = 0; };
		667F212D28DE43F78E154143 /* CDVContacts.h */ = {isa = PBXFileReference; name = "CDVContacts.h"; path = "cordova-plugin-contacts/CDVContacts.h"; sourceTree = "<group>"; fileEncoding = 4; lastKnownFileType = sourcecode.c.h; explicitFileType = undefined; includeInIndex = 0; };
		2E28D42A1C944D78BFB2223B /* CDVContact.h */ = {isa = PBXFileReference; name = "CDVContact.h"; path = "cordova-plugin-contacts/CDVContact.h"; sourceTree = "<group>"; fileEncoding = 4; lastKnownFileType = sourcecode.c.h; explicitFileType = undefined; includeInIndex = 0; };
		CB5E577004FC487EA9238B89 /* AddressBook.framework */ = {isa = PBXFileReference; name = "AddressBook.framework"; path = "System/Library/Frameworks/AddressBook.framework"; sourceTree = SDKROOT; fileEncoding = undefined; lastKnownFileType = wrapper.framework; explicitFileType = undefined; includeInIndex = 0; };
		4AC07636F5BE4702BA2C7EDB /* AddressBookUI.framework */ = {isa = PBXFileReference; name = "AddressBookUI.framework"; path = "System/Library/Frameworks/AddressBookUI.framework"; sourceTree = SDKROOT; fileEncoding = undefined; lastKnownFileType = wrapper.framework; explicitFileType = undefined; includeInIndex = 0; };
		2931ABD731D84006BED1A016 /* CDVDevice.m */ = {isa = PBXFileReference; name = "CDVDevice.m"; path = "cordova-plugin-device/CDVDevice.m"; sourceTree = "<group>"; fileEncoding = 4; lastKnownFileType = sourcecode.c.objc; explicitFileType = undefined; includeInIndex = 0; };
		94FE78D7FE4E4A91859BFA71 /* CDVDevice.h */ = {isa = PBXFileReference; name = "CDVDevice.h"; path = "cordova-plugin-device/CDVDevice.h"; sourceTree = "<group>"; fileEncoding = 4; lastKnownFileType = sourcecode.c.h; explicitFileType = undefined; includeInIndex = 0; };
		EB5A48AAFF2B437281136A84 /* CDVAccelerometer.m */ = {isa = PBXFileReference; name = "CDVAccelerometer.m"; path = "cordova-plugin-device-motion/CDVAccelerometer.m"; sourceTree = "<group>"; fileEncoding = 4; lastKnownFileType = sourcecode.c.objc; explicitFileType = undefined; includeInIndex = 0; };
		458A45D51EF24C36834F18DB /* CDVAccelerometer.h */ = {isa = PBXFileReference; name = "CDVAccelerometer.h"; path = "cordova-plugin-device-motion/CDVAccelerometer.h"; sourceTree = "<group>"; fileEncoding = 4; lastKnownFileType = sourcecode.c.h; explicitFileType = undefined; includeInIndex = 0; };
		C035F2329E24431692F13DD8 /* CoreMotion.framework */ = {isa = PBXFileReference; name = "CoreMotion.framework"; path = "System/Library/Frameworks/CoreMotion.framework"; sourceTree = SDKROOT; fileEncoding = undefined; lastKnownFileType = wrapper.framework; explicitFileType = undefined; includeInIndex = 0; };
		D95473573CCF4A9292E168B4 /* CDVCompass.m */ = {isa = PBXFileReference; name = "CDVCompass.m"; path = "cordova-plugin-device-orientation/CDVCompass.m"; sourceTree = "<group>"; fileEncoding = 4; lastKnownFileType = sourcecode.c.objc; explicitFileType = undefined; includeInIndex = 0; };
		2778F51A592B441F9DF2DC2C /* CDVCompass.h */ = {isa = PBXFileReference; name = "CDVCompass.h"; path = "cordova-plugin-device-orientation/CDVCompass.h"; sourceTree = "<group>"; fileEncoding = 4; lastKnownFileType = sourcecode.c.h; explicitFileType = undefined; includeInIndex = 0; };
		44EF255E5B264331BC7E1145 /* CDVNotification.m */ = {isa = PBXFileReference; name = "CDVNotification.m"; path = "cordova-plugin-dialogs/CDVNotification.m"; sourceTree = "<group>"; fileEncoding = 4; lastKnownFileType = sourcecode.c.objc; explicitFileType = undefined; includeInIndex = 0; };
		C29B2EF2D8C44122A848D3F0 /* CDVNotification.h */ = {isa = PBXFileReference; name = "CDVNotification.h"; path = "cordova-plugin-dialogs/CDVNotification.h"; sourceTree = "<group>"; fileEncoding = 4; lastKnownFileType = sourcecode.c.h; explicitFileType = undefined; includeInIndex = 0; };
		5E8446DD14074270875F0668 /* CDVNotification.bundle */ = {isa = PBXFileReference; name = "CDVNotification.bundle"; path = "CDVNotification.bundle"; sourceTree = "<group>"; fileEncoding = undefined; lastKnownFileType = wrapper.plug-in; explicitFileType = undefined; includeInIndex = 0; };
		1DD8881240C840FFA253781F /* AudioToolbox.framework */ = {isa = PBXFileReference; name = "AudioToolbox.framework"; path = "System/Library/Frameworks/AudioToolbox.framework"; sourceTree = SDKROOT; fileEncoding = undefined; lastKnownFileType = wrapper.framework; explicitFileType = undefined; includeInIndex = 0; };
		66CDE787BB2F4B038B715654 /* CDVFileTransfer.m */ = {isa = PBXFileReference; name = "CDVFileTransfer.m"; path = "cordova-plugin-file-transfer/CDVFileTransfer.m"; sourceTree = "<group>"; fileEncoding = 4; lastKnownFileType = sourcecode.c.objc; explicitFileType = undefined; includeInIndex = 0; };
		13C3C83B5C7643A1B05471E1 /* CDVFileTransfer.h */ = {isa = PBXFileReference; name = "CDVFileTransfer.h"; path = "cordova-plugin-file-transfer/CDVFileTransfer.h"; sourceTree = "<group>"; fileEncoding = 4; lastKnownFileType = sourcecode.c.h; explicitFileType = undefined; includeInIndex = 0; };
		C69FC9B1376B4EC2B8A52035 /* CDVLocation.m */ = {isa = PBXFileReference; name = "CDVLocation.m"; path = "cordova-plugin-geolocation/CDVLocation.m"; sourceTree = "<group>"; fileEncoding = 4; lastKnownFileType = sourcecode.c.objc; explicitFileType = undefined; includeInIndex = 0; };
		ADA2617D62C141CDBDD31241 /* CDVLocation.h */ = {isa = PBXFileReference; name = "CDVLocation.h"; path = "cordova-plugin-geolocation/CDVLocation.h"; sourceTree = "<group>"; fileEncoding = 4; lastKnownFileType = sourcecode.c.h; explicitFileType = undefined; includeInIndex = 0; };
		A89884D739F74A8884890EDF /* CDVGlobalization.m */ = {isa = PBXFileReference; name = "CDVGlobalization.m"; path = "cordova-plugin-globalization/CDVGlobalization.m"; sourceTree = "<group>"; fileEncoding = 4; lastKnownFileType = sourcecode.c.objc; explicitFileType = undefined; includeInIndex = 0; };
		805FBF3D05AC4550842BBD31 /* CDVGlobalization.h */ = {isa = PBXFileReference; name = "CDVGlobalization.h"; path = "cordova-plugin-globalization/CDVGlobalization.h"; sourceTree = "<group>"; fileEncoding = 4; lastKnownFileType = sourcecode.c.h; explicitFileType = undefined; includeInIndex = 0; };
		7943018D48C7413AAFD641ED /* CDVInAppBrowser.m */ = {isa = PBXFileReference; name = "CDVInAppBrowser.m"; path = "cordova-plugin-inappbrowser/CDVInAppBrowser.m"; sourceTree = "<group>"; fileEncoding = 4; lastKnownFileType = sourcecode.c.objc; explicitFileType = undefined; includeInIndex = 0; };
		3169F586F90F4AAB8DEC1828 /* CDVInAppBrowser.h */ = {isa = PBXFileReference; name = "CDVInAppBrowser.h"; path = "cordova-plugin-inappbrowser/CDVInAppBrowser.h"; sourceTree = "<group>"; fileEncoding = 4; lastKnownFileType = sourcecode.c.h; explicitFileType = undefined; includeInIndex = 0; };
		E7C8105F328B4D1E90AADD20 /* CDVSound.m */ = {isa = PBXFileReference; name = "CDVSound.m"; path = "cordova-plugin-media/CDVSound.m"; sourceTree = "<group>"; fileEncoding = 4; lastKnownFileType = sourcecode.c.objc; explicitFileType = undefined; includeInIndex = 0; };
		6976640B1CC8447EAA5F9E84 /* CDVSound.h */ = {isa = PBXFileReference; name = "CDVSound.h"; path = "cordova-plugin-media/CDVSound.h"; sourceTree = "<group>"; fileEncoding = 4; lastKnownFileType = sourcecode.c.h; explicitFileType = undefined; includeInIndex = 0; };
		9A8C3610DEE3473FB9F0D671 /* CDVConnection.m */ = {isa = PBXFileReference; name = "CDVConnection.m"; path = "cordova-plugin-network-information/CDVConnection.m"; sourceTree = "<group>"; fileEncoding = 4; lastKnownFileType = sourcecode.c.objc; explicitFileType = undefined; includeInIndex = 0; };
		2908FB6208F547429627557C /* CDVReachability.m */ = {isa = PBXFileReference; name = "CDVReachability.m"; path = "cordova-plugin-network-information/CDVReachability.m"; sourceTree = "<group>"; fileEncoding = 4; lastKnownFileType = sourcecode.c.objc; explicitFileType = undefined; includeInIndex = 0; };
		8641860D3148441A9D31A82D /* CDVConnection.h */ = {isa = PBXFileReference; name = "CDVConnection.h"; path = "cordova-plugin-network-information/CDVConnection.h"; sourceTree = "<group>"; fileEncoding = 4; lastKnownFileType = sourcecode.c.h; explicitFileType = undefined; includeInIndex = 0; };
		90D2FB1F9A1A46F9AC63D6DD /* CDVReachability.h */ = {isa = PBXFileReference; name = "CDVReachability.h"; path = "cordova-plugin-network-information/CDVReachability.h"; sourceTree = "<group>"; fileEncoding = 4; lastKnownFileType = sourcecode.c.h; explicitFileType = undefined; includeInIndex = 0; };
		EEBF8D6F8CFA4D8F92F7EBD0 /* SystemConfiguration.framework */ = {isa = PBXFileReference; name = "SystemConfiguration.framework"; path = "System/Library/Frameworks/SystemConfiguration.framework"; sourceTree = SDKROOT; fileEncoding = undefined; lastKnownFileType = wrapper.framework; explicitFileType = undefined; includeInIndex = 0; };
		FFFCAB5DDD6B4E90B45B6241 /* CoreTelephony.framework */ = {isa = PBXFileReference; name = "CoreTelephony.framework"; path = "System/Library/Frameworks/CoreTelephony.framework"; sourceTree = SDKROOT; fileEncoding = undefined; lastKnownFileType = wrapper.framework; explicitFileType = undefined; includeInIndex = 0; };
		E124CBA2CFBD42A2B03C4BBF /* CDVSplashScreen.m */ = {isa = PBXFileReference; name = "CDVSplashScreen.m"; path = "cordova-plugin-splashscreen/CDVSplashScreen.m"; sourceTree = "<group>"; fileEncoding = 4; lastKnownFileType = sourcecode.c.objc; explicitFileType = undefined; includeInIndex = 0; };
		D2E3D3C8F1464189AB4FD5CA /* CDVViewController+SplashScreen.m */ = {isa = PBXFileReference; name = "CDVViewController+SplashScreen.m"; path = "cordova-plugin-splashscreen/CDVViewController+SplashScreen.m"; sourceTree = "<group>"; fileEncoding = 4; lastKnownFileType = sourcecode.c.objc; explicitFileType = undefined; includeInIndex = 0; };
		3C28005081DB42D6A60F05AC /* CDVSplashScreen.h */ = {isa = PBXFileReference; name = "CDVSplashScreen.h"; path = "cordova-plugin-splashscreen/CDVSplashScreen.h"; sourceTree = "<group>"; fileEncoding = 4; lastKnownFileType = sourcecode.c.h; explicitFileType = undefined; includeInIndex = 0; };
		6B5449E3AE39444D89F645F4 /* CDVViewController+SplashScreen.h */ = {isa = PBXFileReference; name = "CDVViewController+SplashScreen.h"; path = "cordova-plugin-splashscreen/CDVViewController+SplashScreen.h"; sourceTree = "<group>"; fileEncoding = 4; lastKnownFileType = sourcecode.c.h; explicitFileType = undefined; includeInIndex = 0; };
		6A96FA02605B444BA1CABA0C /* CDVStatusBar.m */ = {isa = PBXFileReference; name = "CDVStatusBar.m"; path = "cordova-plugin-statusbar/CDVStatusBar.m"; sourceTree = "<group>"; fileEncoding = 4; lastKnownFileType = sourcecode.c.objc; explicitFileType = undefined; includeInIndex = 0; };
		6FA001A81A13436BA678F9F6 /* CDVStatusBar.h */ = {isa = PBXFileReference; name = "CDVStatusBar.h"; path = "cordova-plugin-statusbar/CDVStatusBar.h"; sourceTree = "<group>"; fileEncoding = 4; lastKnownFileType = sourcecode.c.h; explicitFileType = undefined; includeInIndex = 0; };
		6AB9459A04ED48B2801FDB81 /* CDVVibration.m */ = {isa = PBXFileReference; name = "CDVVibration.m"; path = "cordova-plugin-vibration/CDVVibration.m"; sourceTree = "<group>"; fileEncoding = 4; lastKnownFileType = sourcecode.c.objc; explicitFileType = undefined; includeInIndex = 0; };
		036813DDA7B640C986632D8C /* CDVVibration.h */ = {isa = PBXFileReference; name = "CDVVibration.h"; path = "cordova-plugin-vibration/CDVVibration.h"; sourceTree = "<group>"; fileEncoding = 4; lastKnownFileType = sourcecode.c.h; explicitFileType = undefined; includeInIndex = 0; };
/* End PBXFileReference section */

/* Begin PBXFrameworksBuildPhase section */
		1D60588F0D05DD3D006BFB54 /* Frameworks */ = {
			isa = PBXFrameworksBuildPhase;
			buildActionMask = 2147483647;
			files = (
				301BF552109A68D80062928A /* libCordova.a in Frameworks */,
				A865D13836934A49B9E4B877 /* ImageIO.framework in Frameworks */,
				C03220FECB9B429DA15D0622 /* CoreLocation.framework in Frameworks */,
				440DDC935ABD4CFF8D8CE839 /* AVFoundation.framework in Frameworks */,
				B94AEDFE670B4AF4B7753324 /* AddressBook.framework in Frameworks */,
				FABA797BEDD646A6B8837D0C /* AddressBookUI.framework in Frameworks */,
				25F041E82AE448F99B5A4D94 /* CoreMotion.framework in Frameworks */,
				EAAF726F091346E18A6E15A6 /* AudioToolbox.framework in Frameworks */,
				377A524570E344CC8380BB0F /* SystemConfiguration.framework in Frameworks */,
				F7F3B815D57B492AA9EFF0DA /* CoreTelephony.framework in Frameworks */,
			);
			runOnlyForDeploymentPostprocessing = 0;
		};
/* End PBXFrameworksBuildPhase section */

/* Begin PBXGroup section */
		080E96DDFE201D6D7F000001 /* Classes */ = {
			isa = PBXGroup;
			children = (
				302D95EE14D2391D003F00A1 /* MainViewController.h */,
				302D95EF14D2391D003F00A1 /* MainViewController.m */,
				302D95F014D2391D003F00A1 /* MainViewController.xib */,
				1D3623240D0F684500981E51 /* AppDelegate.h */,
				1D3623250D0F684500981E51 /* AppDelegate.m */,
			);
			name = Classes;
			path = "Planner/Classes";
			sourceTree = SOURCE_ROOT;
		};
		19C28FACFE9D520D11CA2CBB /* Products */ = {
			isa = PBXGroup;
			children = (
				1D6058910D05DD3D006BFB54 /* Planner.app */,
			);
			name = Products;
			sourceTree = "<group>";
		};
		29B97314FDCFA39411CA2CEA /* CustomTemplate */ = {
			isa = PBXGroup;
			children = (
				EB87FDF41871DAF40020F90C /* config.xml */,
				EB87FDF31871DA8E0020F90C /* www */,
				EB87FDF11871DA420020F90C /* Staging */,
				301BF52D109A57CC0062928A /* CordovaLib.xcodeproj */,
				080E96DDFE201D6D7F000001 /* Classes */,
				307C750510C5A3420062BCA9 /* Plugins */,
				29B97315FDCFA39411CA2CEA /* Other Sources */,
				29B97317FDCFA39411CA2CEA /* Resources */,
				29B97323FDCFA39411CA2CEA /* Frameworks */,
				19C28FACFE9D520D11CA2CBB /* Products */,
			);
			name = CustomTemplate;
			sourceTree = "<group>";
		};
		29B97315FDCFA39411CA2CEA /* Other Sources */ = {
			isa = PBXGroup;
			children = (
				32CA4F630368D1EE00C91783 /* Planner-Prefix.pch */,
				29B97316FDCFA39411CA2CEA /* main.m */,
				ED33DF2A687741AEAF9F8254 /* Bridging-Header.h */,
			);
			name = "Other Sources";
			path = "Planner";
			sourceTree = "<group>";
		};
		29B97317FDCFA39411CA2CEA /* Resources */ = {
			isa = PBXGroup;
			children = (
				0207DA571B56EA530066E2B4 /* Images.xcassets */,
				3047A50E1AB8057F00498E2A /* config */,
				8D1107310486CEB800E47090 /* Planner-Info.plist */,
				BC6EF99E27F74116A74FA99D /* CDVCapture.bundle */,
				5E8446DD14074270875F0668 /* CDVNotification.bundle */,
			);
			name = Resources;
			path = "Planner/Resources";
			sourceTree = "<group>";
		};
		29B97323FDCFA39411CA2CEA /* Frameworks */ = {
			isa = PBXGroup;
			children = (
				FCDBA0BF3CD34D4A88258767 /* ImageIO.framework */,
				51C840669E9E40D1BF2442A9 /* CoreLocation.framework */,
				FBC84B0262C640AEB7CBD095 /* AVFoundation.framework */,
				CB5E577004FC487EA9238B89 /* AddressBook.framework */,
				4AC07636F5BE4702BA2C7EDB /* AddressBookUI.framework */,
				C035F2329E24431692F13DD8 /* CoreMotion.framework */,
				1DD8881240C840FFA253781F /* AudioToolbox.framework */,
				EEBF8D6F8CFA4D8F92F7EBD0 /* SystemConfiguration.framework */,
				FFFCAB5DDD6B4E90B45B6241 /* CoreTelephony.framework */,
			);
			name = Frameworks;
			sourceTree = "<group>";
		};
		301BF52E109A57CC0062928A /* Products */ = {
			isa = PBXGroup;
			children = (
				301BF535109A57CC0062928A /* libCordova.a */,
			);
			name = Products;
			sourceTree = "<group>";
		};
		3047A50E1AB8057F00498E2A /* config */ = {
			isa = PBXGroup;
			children = (
				3047A50F1AB8059700498E2A /* build-debug.xcconfig */,
				3047A5101AB8059700498E2A /* build-release.xcconfig */,
				3047A5111AB8059700498E2A /* build.xcconfig */,
			);
			name = config;
			sourceTree = "<group>";
		};
		307C750510C5A3420062BCA9 /* Plugins */ = {
			isa = PBXGroup;
			children = (
				AA6170A194E64A2E8059DCFC /* CDVBattery.m */,
				AE40CF14429A4CB19F21072D /* CDVBattery.h */,
				A0F00791D031421D87629CDA /* UIImage+CropScaleOrientation.m */,
				17DC97CB4E0D46B99205E536 /* CDVCamera.m */,
				886968C4F5D041C39D19ACB6 /* CDVJpegHeaderWriter.m */,
				962E17F2B0F04A58A47C4199 /* UIImage+CropScaleOrientation.h */,
				CE93BA11A9184D78AA6C9A11 /* CDVCamera.h */,
				8B114E22874E48D3986F1AAD /* CDVJpegHeaderWriter.h */,
				02DAE3DC7ACD492982981B66 /* CDVExif.h */,
				0AACAC7EC9D14357A1B0BBB8 /* CDVFile.m */,
				FFA019CE005943E7864A518C /* CDVLocalFilesystem.m */,
				8CFC9B737D5347DA8777AD8F /* CDVAssetLibraryFilesystem.m */,
				770A21A57741470D83556A67 /* CDVFile.h */,
				44B4073F9F12473F95FD6F1D /* CDVLocalFilesystem.h */,
				E8271592D8594633889ED8B3 /* CDVAssetLibraryFilesystem.h */,
				A5F21957935347E6A5DE981C /* CDVCapture.m */,
				42F7067DFC2C475993C30F36 /* CDVCapture.h */,
				588EF9E52BCD4062A2E2DBF0 /* CDVLogger.m */,
				E3AE6398BFC64559B6EEB94D /* CDVLogger.h */,
				E2C9F0835B17424B901E8463 /* CDVContacts.m */,
				68B69FE150914DA9AB7A0F5E /* CDVContact.m */,
				667F212D28DE43F78E154143 /* CDVContacts.h */,
				2E28D42A1C944D78BFB2223B /* CDVContact.h */,
				2931ABD731D84006BED1A016 /* CDVDevice.m */,
				94FE78D7FE4E4A91859BFA71 /* CDVDevice.h */,
				EB5A48AAFF2B437281136A84 /* CDVAccelerometer.m */,
				458A45D51EF24C36834F18DB /* CDVAccelerometer.h */,
				D95473573CCF4A9292E168B4 /* CDVCompass.m */,
				2778F51A592B441F9DF2DC2C /* CDVCompass.h */,
				44EF255E5B264331BC7E1145 /* CDVNotification.m */,
				C29B2EF2D8C44122A848D3F0 /* CDVNotification.h */,
				66CDE787BB2F4B038B715654 /* CDVFileTransfer.m */,
				13C3C83B5C7643A1B05471E1 /* CDVFileTransfer.h */,
				C69FC9B1376B4EC2B8A52035 /* CDVLocation.m */,
				ADA2617D62C141CDBDD31241 /* CDVLocation.h */,
				A89884D739F74A8884890EDF /* CDVGlobalization.m */,
				805FBF3D05AC4550842BBD31 /* CDVGlobalization.h */,
				7943018D48C7413AAFD641ED /* CDVInAppBrowser.m */,
				3169F586F90F4AAB8DEC1828 /* CDVInAppBrowser.h */,
				E7C8105F328B4D1E90AADD20 /* CDVSound.m */,
				6976640B1CC8447EAA5F9E84 /* CDVSound.h */,
				9A8C3610DEE3473FB9F0D671 /* CDVConnection.m */,
				2908FB6208F547429627557C /* CDVReachability.m */,
				8641860D3148441A9D31A82D /* CDVConnection.h */,
				90D2FB1F9A1A46F9AC63D6DD /* CDVReachability.h */,
				E124CBA2CFBD42A2B03C4BBF /* CDVSplashScreen.m */,
				D2E3D3C8F1464189AB4FD5CA /* CDVViewController+SplashScreen.m */,
				3C28005081DB42D6A60F05AC /* CDVSplashScreen.h */,
				6B5449E3AE39444D89F645F4 /* CDVViewController+SplashScreen.h */,
				6A96FA02605B444BA1CABA0C /* CDVStatusBar.m */,
				6FA001A81A13436BA678F9F6 /* CDVStatusBar.h */,
				6AB9459A04ED48B2801FDB81 /* CDVVibration.m */,
				036813DDA7B640C986632D8C /* CDVVibration.h */,
			);
			name = Plugins;
			path = "Planner/Plugins";
			sourceTree = SOURCE_ROOT;
		};
		EB87FDF11871DA420020F90C /* Staging */ = {
			isa = PBXGroup;
			children = (
				F840E1F0165FE0F500CFE078 /* config.xml */,
				301BF56E109A69640062928A /* www */,
			);
			name = Staging;
			sourceTree = "<group>";
		};
/* End PBXGroup section */

/* Begin PBXNativeTarget section */
		1D6058900D05DD3D006BFB54 /* Planner */ = {
			isa = PBXNativeTarget;
			buildConfigurationList = 1D6058960D05DD3E006BFB54 /* Build configuration list for PBXNativeTarget "Planner" */;
			buildPhases = (
				304B58A110DAC018002A0835 /* Copy www directory */,
				1D60588D0D05DD3D006BFB54 /* Resources */,
				1D60588E0D05DD3D006BFB54 /* Sources */,
				1D60588F0D05DD3D006BFB54 /* Frameworks */,
			);
			buildRules = (
			);
			dependencies = (
				301BF551109A68C00062928A /* PBXTargetDependency */,
			);
			name = "Planner";
			productName = "Planner";
			productReference = 1D6058910D05DD3D006BFB54 /* Planner.app */;
			productType = "com.apple.product-type.application";
		};
/* End PBXNativeTarget section */

/* Begin PBXProject section */
		29B97313FDCFA39411CA2CEA /* Project object */ = {
			isa = PBXProject;
			attributes = {
				LastUpgradeCheck = 510;
			};
			buildConfigurationList = C01FCF4E08A954540054247B /* Build configuration list for PBXProject "__NON-CLI__" */;
			compatibilityVersion = "Xcode 3.2";
			developmentRegion = English;
			hasScannedForEncodings = 1;
			mainGroup = 29B97314FDCFA39411CA2CEA /* CustomTemplate */;
			projectDirPath = "";
			projectReferences = (
				{
					ProductGroup = 301BF52E109A57CC0062928A /* Products */;
					ProjectRef = 301BF52D109A57CC0062928A /* CordovaLib.xcodeproj */;
				},
			);
			projectRoot = "";
			targets = (
				1D6058900D05DD3D006BFB54 /* Planner */,
			);
		};
/* End PBXProject section */

/* Begin PBXReferenceProxy section */
		301BF535109A57CC0062928A /* libCordova.a */ = {
			isa = PBXReferenceProxy;
			fileType = archive.ar;
			path = libCordova.a;
			remoteRef = 301BF534109A57CC0062928A /* PBXContainerItemProxy */;
			sourceTree = BUILT_PRODUCTS_DIR;
		};
/* End PBXReferenceProxy section */

/* Begin PBXResourcesBuildPhase section */
		1D60588D0D05DD3D006BFB54 /* Resources */ = {
			isa = PBXResourcesBuildPhase;
			buildActionMask = 2147483647;
			files = (
				302D95F214D2391D003F00A1 /* MainViewController.xib in Resources */,
				3047A5131AB8059700498E2A /* build-release.xcconfig in Resources */,
				3047A5141AB8059700498E2A /* build.xcconfig in Resources */,
				0207DA581B56EA530066E2B4 /* Images.xcassets in Resources */,
				3047A5121AB8059700498E2A /* build-debug.xcconfig in Resources */,
				8C706E93E4314562BF75CDDC /* CDVCapture.bundle in Resources */,
				8287C0E4BB3A4944BF9B4A0F /* CDVNotification.bundle in Resources */,
			);
			runOnlyForDeploymentPostprocessing = 0;
		};
/* End PBXResourcesBuildPhase section */

/* Begin PBXShellScriptBuildPhase section */
		304B58A110DAC018002A0835 /* Copy www directory */ = {
			isa = PBXShellScriptBuildPhase;
			buildActionMask = 2147483647;
			files = (
			);
			inputPaths = (
			);
			name = "Copy www directory";
			outputPaths = (
			);
			runOnlyForDeploymentPostprocessing = 0;
			shellPath = /bin/sh;
			shellScript = "NODEJS_PATH=/usr/local/bin; NVM_NODE_PATH=~/.nvm/versions/node/`nvm version 2>/dev/null`/bin; N_NODE_PATH=`find /usr/local/n/versions/node/* -maxdepth 0 -type d 2>/dev/null | tail -1`/bin; XCODE_NODE_PATH=`xcode-select --print-path`/usr/share/xcs/Node/bin; PATH=$NODEJS_PATH:$NVM_NODE_PATH:$N_NODE_PATH:$XCODE_NODE_PATH:$PATH && node cordova/lib/copy-www-build-step.js";
			showEnvVarsInLog = 0;
		};
/* End PBXShellScriptBuildPhase section */

/* Begin PBXSourcesBuildPhase section */
		1D60588E0D05DD3D006BFB54 /* Sources */ = {
			isa = PBXSourcesBuildPhase;
			buildActionMask = 2147483647;
			files = (
				1D60589B0D05DD56006BFB54 /* main.m in Sources */,
				1D3623260D0F684500981E51 /* AppDelegate.m in Sources */,
				302D95F114D2391D003F00A1 /* MainViewController.m in Sources */,
				25314948497148158E139289 /* CDVBattery.m in Sources */,
				7BBC619C95554315908F2EF3 /* UIImage+CropScaleOrientation.m in Sources */,
				363CAB81AF9F4815A920DF43 /* CDVCamera.m in Sources */,
				2F8F0E29D9D24EEEB529C87B /* CDVJpegHeaderWriter.m in Sources */,
				F4360E1B12D845BA8A2E3604 /* CDVFile.m in Sources */,
				C93583C1752E4B74B8A0B74E /* CDVLocalFilesystem.m in Sources */,
				80A645479EFB41AEBA761524 /* CDVAssetLibraryFilesystem.m in Sources */,
				D950120F8A65438BA8CB7413 /* CDVCapture.m in Sources */,
				03B1686B357C45DCB864669D /* CDVLogger.m in Sources */,
				79BD2BDF32D647A1AAA206ED /* CDVContacts.m in Sources */,
				4CCF30B97E474E6A9E24F320 /* CDVContact.m in Sources */,
				6D97A03B47024ACA90338E98 /* CDVDevice.m in Sources */,
				3A254FC7B57044CA9BE12A9B /* CDVAccelerometer.m in Sources */,
				C7AB30042BAF4D76BF0D5009 /* CDVCompass.m in Sources */,
				E81097B0F5D242FDB028D77D /* CDVNotification.m in Sources */,
				60CC8658CF06435D9D02221F /* CDVFileTransfer.m in Sources */,
				EE1BDEBC2B4B47F881D9AC58 /* CDVLocation.m in Sources */,
				C22F3A996BEB4E03AD53437D /* CDVGlobalization.m in Sources */,
				23A238298A6D46AC8E5CC591 /* CDVInAppBrowser.m in Sources */,
				156F40B9662C444FB89FC3DA /* CDVSound.m in Sources */,
				084376A7065B4A7BAFFBCFD5 /* CDVConnection.m in Sources */,
				A9BF1D8696E042D79767BD56 /* CDVReachability.m in Sources */,
				12C107F0EB194A28B94B2B92 /* CDVSplashScreen.m in Sources */,
				F3989A83A2034B128B618C5D /* CDVViewController+SplashScreen.m in Sources */,
				904BF5DE54CB48BF98B47FA6 /* CDVStatusBar.m in Sources */,
				74B5BB06820C43FD89A1BF5A /* CDVVibration.m in Sources */,
			);
			runOnlyForDeploymentPostprocessing = 0;
		};
/* End PBXSourcesBuildPhase section */

/* Begin PBXTargetDependency section */
		301BF551109A68C00062928A /* PBXTargetDependency */ = {
			isa = PBXTargetDependency;
			name = CordovaLib;
			targetProxy = 301BF550109A68C00062928A /* PBXContainerItemProxy */;
		};
/* End PBXTargetDependency section */

/* Begin XCBuildConfiguration section */
		1D6058940D05DD3E006BFB54 /* Debug */ = {
			isa = XCBuildConfiguration;
			baseConfigurationReference = 3047A50F1AB8059700498E2A /* build-debug.xcconfig */;
			buildSettings = {
				ALWAYS_SEARCH_USER_PATHS = NO;
				ASSETCATALOG_COMPILER_APPICON_NAME = AppIcon;
				ASSETCATALOG_COMPILER_LAUNCHIMAGE_NAME = LaunchImage;
				CLANG_ENABLE_MODULES = YES;
				CLANG_ENABLE_OBJC_ARC = YES;
				COPY_PHASE_STRIP = NO;
				GCC_DYNAMIC_NO_PIC = NO;
				GCC_OPTIMIZATION_LEVEL = 0;
				GCC_PRECOMPILE_PREFIX_HEADER = YES;
				GCC_PREFIX_HEADER = "Planner/Planner-Prefix.pch";
				GCC_THUMB_SUPPORT = NO;
				GCC_VERSION = "";
				INFOPLIST_FILE = "Planner/Planner-Info.plist";
				LD_RUNPATH_SEARCH_PATHS = "@executable_path/Frameworks";
				PRODUCT_NAME = "Planner";
			};
			name = Debug;
		};
		1D6058950D05DD3E006BFB54 /* Release */ = {
			isa = XCBuildConfiguration;
			baseConfigurationReference = 3047A5101AB8059700498E2A /* build-release.xcconfig */;
			buildSettings = {
				ALWAYS_SEARCH_USER_PATHS = NO;
				ASSETCATALOG_COMPILER_APPICON_NAME = AppIcon;
				ASSETCATALOG_COMPILER_LAUNCHIMAGE_NAME = LaunchImage;
				CLANG_ENABLE_MODULES = YES;
				CLANG_ENABLE_OBJC_ARC = YES;
				COPY_PHASE_STRIP = YES;
				GCC_PRECOMPILE_PREFIX_HEADER = YES;
				GCC_PREFIX_HEADER = "Planner/Planner-Prefix.pch";
				GCC_THUMB_SUPPORT = NO;
				GCC_VERSION = "";
				INFOPLIST_FILE = "Planner/Planner-Info.plist";
				PRODUCT_NAME = "Planner";
			};
			name = Release;
		};
		C01FCF4F08A954540054247B /* Debug */ = {
			isa = XCBuildConfiguration;
			baseConfigurationReference = 3047A5111AB8059700498E2A /* build.xcconfig */;
			buildSettings = {
				CLANG_ENABLE_MODULES = YES;
				CLANG_ENABLE_OBJC_ARC = YES;
				CLANG_WARN_BOOL_CONVERSION = YES;
				CLANG_WARN_CONSTANT_CONVERSION = YES;
				CLANG_WARN_EMPTY_BODY = YES;
				CLANG_WARN_ENUM_CONVERSION = YES;
				CLANG_WARN_INT_CONVERSION = YES;
				CLANG_WARN__DUPLICATE_METHOD_MATCH = YES;
				GCC_C_LANGUAGE_STANDARD = c99;
				GCC_THUMB_SUPPORT = NO;
				GCC_VERSION = "";
				GCC_WARN_ABOUT_RETURN_TYPE = YES;
				GCC_WARN_UNDECLARED_SELECTOR = YES;
				GCC_WARN_UNINITIALIZED_AUTOS = YES;
				GCC_WARN_UNUSED_FUNCTION = YES;
				GCC_WARN_UNUSED_VARIABLE = YES;
				ONLY_ACTIVE_ARCH = YES;
				SDKROOT = iphoneos;
				SKIP_INSTALL = NO;
			};
			name = Debug;
		};
		C01FCF5008A954540054247B /* Release */ = {
			isa = XCBuildConfiguration;
			baseConfigurationReference = 3047A5111AB8059700498E2A /* build.xcconfig */;
			buildSettings = {
				CLANG_ENABLE_MODULES = YES;
				CLANG_ENABLE_OBJC_ARC = YES;
				CLANG_WARN_BOOL_CONVERSION = YES;
				CLANG_WARN_CONSTANT_CONVERSION = YES;
				CLANG_WARN_EMPTY_BODY = YES;
				CLANG_WARN_ENUM_CONVERSION = YES;
				CLANG_WARN_INT_CONVERSION = YES;
				CLANG_WARN__DUPLICATE_METHOD_MATCH = YES;
				GCC_C_LANGUAGE_STANDARD = c99;
				GCC_THUMB_SUPPORT = NO;
				GCC_VERSION = "";
				GCC_WARN_ABOUT_RETURN_TYPE = YES;
				GCC_WARN_UNDECLARED_SELECTOR = YES;
				GCC_WARN_UNINITIALIZED_AUTOS = YES;
				GCC_WARN_UNUSED_FUNCTION = YES;
				GCC_WARN_UNUSED_VARIABLE = YES;
				SDKROOT = iphoneos;
				SKIP_INSTALL = NO;
			};
			name = Release;
		};
/* End XCBuildConfiguration section */

/* Begin XCConfigurationList section */
		1D6058960D05DD3E006BFB54 /* Build configuration list for PBXNativeTarget "Planner" */ = {
			isa = XCConfigurationList;
			buildConfigurations = (
				1D6058940D05DD3E006BFB54 /* Debug */,
				1D6058950D05DD3E006BFB54 /* Release */,
			);
			defaultConfigurationIsVisible = 0;
			defaultConfigurationName = Release;
		};
		C01FCF4E08A954540054247B /* Build configuration list for PBXProject "__NON-CLI__" */ = {
			isa = XCConfigurationList;
			buildConfigurations = (
				C01FCF4F08A954540054247B /* Debug */,
				C01FCF5008A954540054247B /* Release */,
			);
			defaultConfigurationIsVisible = 0;
			defaultConfigurationName = Release;
		};
/* End XCConfigurationList section */
	};
	rootObject = 29B97313FDCFA39411CA2CEA /* Project object */;
}
